{
  "version": 4,
  "terraform_version": "1.6.6",
  "serial": 1,
  "lineage": "54d26819-64d7-363e-ce3b-a2e3253f094d",
  "outputs": {
    "created_file": {
      "value": "platform-variable.txt",
      "type": "string"
    }
  },
  "resources": [
    {
      "mode": "managed",
      "type": "local_file",
      "name": "example",
      "provider": "provider[\"registry.terraform.io/hashicorp/local\"]",
      "instances": [
        {
          "schema_version": 0,
          "attributes": {
            "content": "This file is created using Terraform variables",
            "content_base64": null,
            "content_base64sha256": "RCVw51wDl7bGzECxbRZNh6GMVOA83IEwFc6L3nNm52k=",
            "content_base64sha512": "aYt/Q0XT8IcKFbgUlofX78yu8o4t5W5JKeZ+DTB59ediKkeHzdqEyYjo/2XOs7uZg+yn8kfsxtqIHDyfombmuw==",
            "content_md5": "8f14f34c04c3913229045bbbf9ea254f",
            "content_sha1": "5f369cc9e2bcd411db2f9efce69092b67c182aac",
            "content_sha256": "442570e75c0397b6c6cc40b16d164d87a18c54e03cdc813015ce8bde7366e769",
            "content_sha512": "698b7f4345d3f0870a15b8149687d7efccaef28e2de56e4929e67e0d3079f5e7622a4787cdda84c988e8ff65ceb3bb9983eca7f247ecc6da881c3c9fa266e6bb",
            "directory_permission": "0777",
            "file_permission": "0777",
            "filename": "platform-variable.txt",
            "id": "5f369cc9e2bcd411db2f9efce69092b67c182aac",
            "sensitive_content": null,
            "source": null
          },
          "sensitive_attributes": []
        }
      ]
    }
  ],
  "check_results": null
}
