{
  "version": 4,
  "terraform_version": "1.6.6",
  "serial": 3,
  "lineage": "4a8a8670-37a9-47ec-05a5-a0dd617ba6ff",
  "outputs": {},
  "resources": [
    {
      "mode": "managed",
      "type": "local_file",
      "name": "platform_file",
      "provider": "provider[\"registry.terraform.io/hashicorp/local\"]",
      "instances": [
        {
          "schema_version": 0,
          "attributes": {
            "content": "Platform Engineering with Terraform",
            "content_base64": null,
            "content_base64sha256": "6SCK9FkQtVkUoq6yX8NbEwyvaPN/DV4OI5ahubhKGzY=",
            "content_base64sha512": "nOHAaJH1dtgNcyDmDT+wR3o4PE9L8zJYeYpE/fdDKAA14v+KtRR8d8a5AOc87Zpsth5VRw2wsut2hEslEyVnTg==",
            "content_md5": "0845fc2e99874c1456d68b84d52c8ad7",
            "content_sha1": "0a60a1cc2afa7356f0012c1109f0262823494302",
            "content_sha256": "e9208af45910b55914a2aeb25fc35b130caf68f37f0d5e0e2396a1b9b84a1b36",
            "content_sha512": "9ce1c06891f576d80d7320e60d3fb0477a383c4f4bf33258798a44fdf743280035e2ff8ab5147c77c6b900e73ced9a6cb61e55470db0b2eb76844b251325674e",
            "directory_permission": "0777",
            "file_permission": "0777",
            "filename": "platform.txt",
            "id": "0a60a1cc2afa7356f0012c1109f0262823494302",
            "sensitive_content": null,
            "source": null
          },
          "sensitive_attributes": []
        }
      ]
    },
    {
      "mode": "managed",
      "type": "null_resource",
      "name": "example",
      "provider": "provider[\"registry.terraform.io/hashicorp/null\"]",
      "instances": [
        {
          "schema_version": 0,
          "attributes": {
            "id": "2742297756448908928",
            "triggers": null
          },
          "sensitive_attributes": []
        }
      ]
    }
  ],
  "check_results": null
}
