{
  "version": 4,
  "terraform_version": "1.6.6",
  "serial": 4,
  "lineage": "a399ecc3-14e1-3503-e18d-1d00630a42db",
  "outputs": {
    "environment": {
      "value": "prod",
      "type": "string"
    }
  },
  "resources": [
    {
      "mode": "managed",
      "type": "local_file",
      "name": "platform",
      "provider": "provider[\"registry.terraform.io/hashicorp/local\"]",
      "instances": [
        {
          "schema_version": 0,
          "attributes": {
            "content": "Platform environment: prod",
            "content_base64": null,
            "content_base64sha256": "bNACHlv1vmSyb2LxOXP51zcZ/yvAcRn6Pmg/n4hU7pA=",
            "content_base64sha512": "ptM9QQqyzQzUjU13R3LNoMEkBajIRUWRediQw+MT0BbMNsgMxPhGG/6y23TcleD5m1ykNog07NrIuGf9CWC7bQ==",
            "content_md5": "5f00c289399786e4199bd58dbc84450b",
            "content_sha1": "5b5fd255021999fb2e4ab29708a0a63ab664aa7b",
            "content_sha256": "6cd0021e5bf5be64b26f62f13973f9d73719ff2bc07119fa3e683f9f8854ee90",
            "content_sha512": "a6d33d410ab2cd0cd48d4d774772cda0c12405a8c845459179d890c3e313d016cc36c80cc4f8461bfeb2db74dc95e0f99b5ca4368834ecdac8b867fd0960bb6d",
            "directory_permission": "0777",
            "file_permission": "0777",
            "filename": "platform-day5.txt",
            "id": "5b5fd255021999fb2e4ab29708a0a63ab664aa7b",
            "sensitive_content": null,
            "source": null
          },
          "sensitive_attributes": []
        }
      ]
    }
  ],
  "check_results": null
}
